
Microsoft Visual Studio Solution File, Format Version 12.00
# Visual Studio Version 16
VisualStudioVersion = 16.0.31424.327
MinimumVisualStudioVersion = 10.0.40219.1
Project("{8BC9CEB8-8B4A-11D0-8D11-00A0C91BC942}") = "lab7.2", "lab7.2\lab7.2.vcxproj", "{E32A02AE-CEF3-4E7A-AC49-45B48A4A278F}"
EndProject
Global
	GlobalSection(SolutionConfigurationPlatforms) = preSolution
		Debug|x64 = Debug|x64
		Debug|x86 = Debug|x86
		Release|x64 = Release|x64
		Release|x86 = Release|x86
	EndGlobalSection
	GlobalSection(ProjectConfigurationPlatforms) = postSolution
		{E32A02AE-CEF3-4E7A-AC49-45B48A4A278F}.Debug|x64.ActiveCfg = Debug|x64
		{E32A02AE-CEF3-4E7A-AC49-45B48A4A278F}.Debug|x64.Build.0 = Debug|x64
		{E32A02AE-CEF3-4E7A-AC49-45B48A4A278F}.Debug|x86.ActiveCfg = Debug|Win32
		{E32A02AE-CEF3-4E7A-AC49-45B48A4A278F}.Debug|x86.Build.0 = Debug|Win32
		{E32A02AE-CEF3-4E7A-AC49-45B48A4A278F}.Release|x64.ActiveCfg = Release|x64
		{E32A02AE-CEF3-4E7A-AC49-45B48A4A278F}.Release|x64.Build.0 = Release|x64
		{E32A02AE-CEF3-4E7A-AC49-45B48A4A278F}.Release|x86.ActiveCfg = Release|Win32
		{E32A02AE-CEF3-4E7A-AC49-45B48A4A278F}.Release|x86.Build.0 = Release|Win32
	EndGlobalSection
	GlobalSection(SolutionProperties) = preSolution
		HideSolutionNode = FALSE
	EndGlobalSection
	GlobalSection(ExtensibilityGlobals) = postSolution
		SolutionGuid = {2F027713-A932-4119-BA22-214FA5C84928}
	EndGlobalSection
EndGlobal
